{
    "_readme": [
        "This file locks the dependencies of your project to a known state",
        "Read more about it at https://getcomposer.org/doc/01-basic-usage.md#installing-dependencies",
        "This file is @generated automatically"
    ],
    "content-hash": "0ffe2ffdaac63399b96c56f543db1b01",
    "packages": [
        {
            "name": "jiny/database",
            "version": "0.0.7",
            "source": {
                "type": "git",
                "url": "https://github.com/jinyphp/database.git",
                "reference": "0470be979f2a65a9bf7c23018ae1219b6561dfcd"
            },
            "dist": {
                "type": "zip",
                "url": "https://api.github.com/repos/jinyphp/database/zipball/0470be979f2a65a9bf7c23018ae1219b6561dfcd",
                "reference": "0470be979f2a65a9bf7c23018ae1219b6561dfcd",
                "shasum": ""
            },
            "require": {
                "php": ">= 7.0"
            },
            "type": "library",
            "autoload": {
                "psr-4": {
                    "Jiny\\Database\\": "src/"
                },
                "files": [
                    "src/Helpers/Helper.php"
                ]
            },
            "notification-url": "https://packagist.org/downloads/",
            "license": [
                "MIT"
            ],
            "authors": [
                {
                    "name": "hojinlee",
                    "email": "infohojin@gmail.com",
                    "homepage": "http://www.jinyphp.com"
                }
            ],
            "description": "jinyPHP database",
            "homepage": "http://www.jinyphp.com",
            "keywords": [
                "framwork",
                "jinyphp"
            ],
            "time": "2019-04-09T13:41:14+00:00"
        },
        {
            "name": "jiny/filesystem",
            "version": "0.0.1",
            "source": {
                "type": "git",
                "url": "https://github.com/jinyphp/filesystem.git",
                "reference": "8ae0e434d285fd697ac3f151df3fb9a7f81c6fa6"
            },
            "dist": {
                "type": "zip",
                "url": "https://api.github.com/repos/jinyphp/filesystem/zipball/8ae0e434d285fd697ac3f151df3fb9a7f81c6fa6",
                "reference": "8ae0e434d285fd697ac3f151df3fb9a7f81c6fa6",
                "shasum": ""
            },
            "require": {
                "php": ">= 7.0"
            },
            "type": "library",
            "autoload": {
                "psr-4": {
                    "Jiny\\Filesystem\\": "src/"
                },
                "files": [
                    "src/Helpers/Helper.php"
                ]
            },
            "notification-url": "https://packagist.org/downloads/",
            "license": [
                "MIT"
            ],
            "authors": [
                {
                    "name": "hojinlee",
                    "email": "infohojin@gmail.com",
                    "homepage": "http://www.jinyphp.com"
                }
            ],
            "description": "jinyPHP filesystem",
            "homepage": "http://www.jinyphp.com",
            "keywords": [
                "filesystem",
                "framwork",
                "jinyphp"
            ],
            "time": "2018-10-31T11:56:26+00:00"
        },
        {
            "name": "jiny/html",
            "version": "0.0.3",
            "source": {
                "type": "git",
                "url": "https://github.com/jinyphp/html.git",
                "reference": "bfac14540ed39b5efff25a71cc0462fe99492ae0"
            },
            "dist": {
                "type": "zip",
                "url": "https://api.github.com/repos/jinyphp/html/zipball/bfac14540ed39b5efff25a71cc0462fe99492ae0",
                "reference": "bfac14540ed39b5efff25a71cc0462fe99492ae0",
                "shasum": ""
            },
            "require": {
                "php": ">= 7.0"
            },
            "type": "library",
            "autoload": {
                "psr-4": {
                    "Jiny\\Html\\": "src/"
                },
                "files": [
                    "src/Helpers/Helper.php"
                ]
            },
            "notification-url": "https://packagist.org/downloads/",
            "license": [
                "MIT"
            ],
            "authors": [
                {
                    "name": "hojinlee",
                    "email": "infohojin@gmail.com",
                    "homepage": "http://www.jinyphp.com"
                }
            ],
            "description": "jinyPHP HTML",
            "homepage": "http://www.jinyphp.com",
            "keywords": [
                "framwork",
                "jinyphp"
            ],
            "time": "2019-04-09T12:07:00+00:00"
        },
        {
            "name": "jiny/nugu",
            "version": "0.0.2",
            "source": {
                "type": "git",
                "url": "https://github.com/jinyphp/nugu.git",
                "reference": "83194f010026781ce0adb102073d1ea8891ab4b9"
            },
            "dist": {
                "type": "zip",
                "url": "https://api.github.com/repos/jinyphp/nugu/zipball/83194f010026781ce0adb102073d1ea8891ab4b9",
                "reference": "83194f010026781ce0adb102073d1ea8891ab4b9",
                "shasum": ""
            },
            "require": {
                "php": ">= 7.0"
            },
            "type": "library",
            "autoload": {
                "psr-4": {
                    "Jiny\\Nugu\\": "src/"
                },
                "files": [
                    "src/Helpers/Helper.php"
                ]
            },
            "notification-url": "https://packagist.org/downloads/",
            "license": [
                "MIT"
            ],
            "authors": [
                {
                    "name": "hojinlee",
                    "email": "infohojin@gmail.com",
                    "homepage": "http://www.jinyphp.com"
                }
            ],
            "description": "jinyAPI nugu backendProxy",
            "homepage": "http://www.jinyphp.com",
            "keywords": [
                "backendProxy",
                "framwork",
                "jinyphp",
                "nugu"
            ],
            "time": "2019-10-04T08:50:19+00:00"
        }
    ],
    "packages-dev": [],
    "aliases": [],
    "minimum-stability": "stable",
    "stability-flags": [],
    "prefer-stable": false,
    "prefer-lowest": false,
    "platform": [],
    "platform-dev": []
}
